
Microsoft Visual Studio Solution File, Format Version 12.00
Project("{2150E333-8FDC-42A3-9474-1A3956D46DE8}") = "src", "src", "{AC65E41C-94F4-4CA3-821B-CBBC96988094}"
EndProject
Project("{2150E333-8FDC-42A3-9474-1A3956D46DE8}") = "ApiGateways", "ApiGateways", "{41F95E85-85DB-4F81-9C95-43E3A72D273F}"
EndProject
Project("{2150E333-8FDC-42A3-9474-1A3956D46DE8}") = "WebApiGateway", "WebApiGateway", "{E060B476-1BF4-4583-A736-BB2E8E802DA6}"
EndProject
Project("{FAE04EC0-301F-11D3-BF4B-00C04F79EFBC}") = "Web.ApGateway", "src\ApiGateways\WebApiGateway\Web.ApGateway\Web.ApGateway.csproj", "{7B4D2880-3B1C-44F3-8149-F870A36CFB4D}"
EndProject
Project("{2150E333-8FDC-42A3-9474-1A3956D46DE8}") = "Solution Item", "Solution Item", "{D7805C6E-53DC-4BFF-8042-863BB4178343}"
	ProjectSection(SolutionItems) = preProject
		Solution Item\ServiceUrls.txt = Solution Item\ServiceUrls.txt
	EndProjectSection
EndProject
Project("{2150E333-8FDC-42A3-9474-1A3956D46DE8}") = "BuildingBlocks", "BuildingBlocks", "{A14A5860-5DA1-4E5F-AF47-53C2CC737F04}"
EndProject
Project("{2150E333-8FDC-42A3-9474-1A3956D46DE8}") = "EventBus", "EventBus", "{36566E0A-96B9-43A8-991F-EC98B8B15C42}"
EndProject
Project("{FAE04EC0-301F-11D3-BF4B-00C04F79EFBC}") = "EventBus.AzureServiceBus", "src\BuildingBlocks\EventBus\EventBus.AzureServiceBus\EventBus.AzureServiceBus.csproj", "{0DEB43EB-2EE5-4FA4-8D28-5233D73DE28E}"
EndProject
Project("{FAE04EC0-301F-11D3-BF4B-00C04F79EFBC}") = "EventBus.Base", "src\BuildingBlocks\EventBus\EventBus.Base\EventBus.Base.csproj", "{EAD538B9-EDF1-4F6A-AA4E-23179B6785CD}"
EndProject
Project("{FAE04EC0-301F-11D3-BF4B-00C04F79EFBC}") = "EventBus.Factory", "src\BuildingBlocks\EventBus\EventBus.Factory\EventBus.Factory.csproj", "{CC967259-F166-4675-8A79-9443F1C4008D}"
EndProject
Project("{FAE04EC0-301F-11D3-BF4B-00C04F79EFBC}") = "EventBus.RabbitMQ", "src\BuildingBlocks\EventBus\EventBus.RabbitMQ\EventBus.RabbitMQ.csproj", "{C222CA08-1C55-4A8A-B6D9-F0738CED96C7}"
EndProject
Project("{2150E333-8FDC-42A3-9474-1A3956D46DE8}") = "Clients", "Clients", "{3C9E0F1A-932C-4764-83D7-497D0BAED9D6}"
EndProject
Project("{2150E333-8FDC-42A3-9474-1A3956D46DE8}") = "BlazorWebApp", "BlazorWebApp", "{4D405FDB-21CB-4CF4-BE92-A80A30148FF0}"
EndProject
Project("{FAE04EC0-301F-11D3-BF4B-00C04F79EFBC}") = "WebApp", "src\Clients\BlazorWebApp\WebApp\WebApp.csproj", "{DDBCD209-961B-4C51-9127-4EACB9C9B4F4}"
EndProject
Project("{2150E333-8FDC-42A3-9474-1A3956D46DE8}") = "Services", "Services", "{4D942D3F-3BA4-475B-B8A5-214C00BE4F13}"
EndProject
Project("{2150E333-8FDC-42A3-9474-1A3956D46DE8}") = "BasketService", "BasketService", "{C68B7443-AC5C-47FC-A1E4-701D5F361692}"
EndProject
Project("{FAE04EC0-301F-11D3-BF4B-00C04F79EFBC}") = "BasketService.Api", "src\Services\BascetService\BasketService.Api\BasketService.Api.csproj", "{74E0D4E5-F3BF-4AEC-9561-AACFD4D75057}"
EndProject
Project("{2150E333-8FDC-42A3-9474-1A3956D46DE8}") = "CatalogService", "CatalogService", "{42440AB8-89C3-455D-A2C3-1636B652B624}"
EndProject
Project("{FAE04EC0-301F-11D3-BF4B-00C04F79EFBC}") = "CatalogService.Api", "src\Services\CatalogService\CatalogService.Api\CatalogService.Api.csproj", "{61CFFEFF-C250-4E0F-A599-30619B1DA6D3}"
EndProject
Project("{2150E333-8FDC-42A3-9474-1A3956D46DE8}") = "IdentityService", "IdentityService", "{27A0E685-ABBB-4443-9FEA-2C95D8D3C602}"
EndProject
Project("{FAE04EC0-301F-11D3-BF4B-00C04F79EFBC}") = "IdentityService.Api", "src\Services\IdentityService\IdentityService.Api\IdentityService.Api.csproj", "{F80EEDF5-D37E-435B-B220-4CA137E9FC64}"
EndProject
Project("{2150E333-8FDC-42A3-9474-1A3956D46DE8}") = "NotificationService", "NotificationService", "{A214CA0E-53CF-483D-9892-CE7370C284CC}"
EndProject
Project("{FAE04EC0-301F-11D3-BF4B-00C04F79EFBC}") = "NotificationService.Api", "src\Services\NotificationService\NotificationService.Api\NotificationService.Api.csproj", "{A86716B6-4058-4C9E-99E2-1777B95EC8A0}"
EndProject
Project("{2150E333-8FDC-42A3-9474-1A3956D46DE8}") = "OrderService", "OrderService", "{2C33582F-4EBF-4BE3-80A4-C7ABAABC2A3E}"
EndProject
Project("{FAE04EC0-301F-11D3-BF4B-00C04F79EFBC}") = "OrderService.Api", "src\Services\OrderService\OrderService.Api\OrderService.Api.csproj", "{87730B53-D621-49F4-A931-4175A4FCFFD7}"
EndProject
Project("{2150E333-8FDC-42A3-9474-1A3956D46DE8}") = "PaymentService", "PaymentService", "{D4C72030-3E36-4FD5-B61D-060447321C6D}"
EndProject
Project("{FAE04EC0-301F-11D3-BF4B-00C04F79EFBC}") = "PaymentService", "src\Services\PaymentService\PaymentService\PaymentService.csproj", "{368FA007-D5A5-42DB-A7A0-9E54A850EE97}"
EndProject
Project("{FAE04EC0-301F-11D3-BF4B-00C04F79EFBC}") = "OrderService.Application", "src\Services\OrderService\OrderService.Application\OrderService.Application.csproj", "{5C27E604-8F34-47CA-A184-54883804B7DF}"
EndProject
Project("{FAE04EC0-301F-11D3-BF4B-00C04F79EFBC}") = "OrderService.Domain", "src\Services\OrderService\OrderService.Domain\OrderService.Domain.csproj", "{1889A07D-4D90-41A6-94B0-1C6A95239F99}"
EndProject
Project("{FAE04EC0-301F-11D3-BF4B-00C04F79EFBC}") = "OrderService.Infrastructure", "src\Services\OrderService\OrderService.Infrastructure\OrderService.Infrastructure.csproj", "{7EEB10D8-F06A-4700-B3E6-50D00B011A9A}"
EndProject
Global
	GlobalSection(SolutionConfigurationPlatforms) = preSolution
		Debug|Any CPU = Debug|Any CPU
		Release|Any CPU = Release|Any CPU
	EndGlobalSection
	GlobalSection(NestedProjects) = preSolution
		{41F95E85-85DB-4F81-9C95-43E3A72D273F} = {AC65E41C-94F4-4CA3-821B-CBBC96988094}
		{E060B476-1BF4-4583-A736-BB2E8E802DA6} = {41F95E85-85DB-4F81-9C95-43E3A72D273F}
		{7B4D2880-3B1C-44F3-8149-F870A36CFB4D} = {E060B476-1BF4-4583-A736-BB2E8E802DA6}
		{A14A5860-5DA1-4E5F-AF47-53C2CC737F04} = {AC65E41C-94F4-4CA3-821B-CBBC96988094}
		{36566E0A-96B9-43A8-991F-EC98B8B15C42} = {A14A5860-5DA1-4E5F-AF47-53C2CC737F04}
		{0DEB43EB-2EE5-4FA4-8D28-5233D73DE28E} = {36566E0A-96B9-43A8-991F-EC98B8B15C42}
		{EAD538B9-EDF1-4F6A-AA4E-23179B6785CD} = {36566E0A-96B9-43A8-991F-EC98B8B15C42}
		{CC967259-F166-4675-8A79-9443F1C4008D} = {36566E0A-96B9-43A8-991F-EC98B8B15C42}
		{C222CA08-1C55-4A8A-B6D9-F0738CED96C7} = {36566E0A-96B9-43A8-991F-EC98B8B15C42}
		{3C9E0F1A-932C-4764-83D7-497D0BAED9D6} = {AC65E41C-94F4-4CA3-821B-CBBC96988094}
		{4D405FDB-21CB-4CF4-BE92-A80A30148FF0} = {3C9E0F1A-932C-4764-83D7-497D0BAED9D6}
		{DDBCD209-961B-4C51-9127-4EACB9C9B4F4} = {4D405FDB-21CB-4CF4-BE92-A80A30148FF0}
		{4D942D3F-3BA4-475B-B8A5-214C00BE4F13} = {AC65E41C-94F4-4CA3-821B-CBBC96988094}
		{C68B7443-AC5C-47FC-A1E4-701D5F361692} = {4D942D3F-3BA4-475B-B8A5-214C00BE4F13}
		{74E0D4E5-F3BF-4AEC-9561-AACFD4D75057} = {C68B7443-AC5C-47FC-A1E4-701D5F361692}
		{42440AB8-89C3-455D-A2C3-1636B652B624} = {4D942D3F-3BA4-475B-B8A5-214C00BE4F13}
		{61CFFEFF-C250-4E0F-A599-30619B1DA6D3} = {42440AB8-89C3-455D-A2C3-1636B652B624}
		{27A0E685-ABBB-4443-9FEA-2C95D8D3C602} = {4D942D3F-3BA4-475B-B8A5-214C00BE4F13}
		{F80EEDF5-D37E-435B-B220-4CA137E9FC64} = {27A0E685-ABBB-4443-9FEA-2C95D8D3C602}
		{A214CA0E-53CF-483D-9892-CE7370C284CC} = {4D942D3F-3BA4-475B-B8A5-214C00BE4F13}
		{A86716B6-4058-4C9E-99E2-1777B95EC8A0} = {A214CA0E-53CF-483D-9892-CE7370C284CC}
		{2C33582F-4EBF-4BE3-80A4-C7ABAABC2A3E} = {4D942D3F-3BA4-475B-B8A5-214C00BE4F13}
		{87730B53-D621-49F4-A931-4175A4FCFFD7} = {2C33582F-4EBF-4BE3-80A4-C7ABAABC2A3E}
		{D4C72030-3E36-4FD5-B61D-060447321C6D} = {4D942D3F-3BA4-475B-B8A5-214C00BE4F13}
		{368FA007-D5A5-42DB-A7A0-9E54A850EE97} = {D4C72030-3E36-4FD5-B61D-060447321C6D}
		{5C27E604-8F34-47CA-A184-54883804B7DF} = {2C33582F-4EBF-4BE3-80A4-C7ABAABC2A3E}
		{1889A07D-4D90-41A6-94B0-1C6A95239F99} = {2C33582F-4EBF-4BE3-80A4-C7ABAABC2A3E}
		{7EEB10D8-F06A-4700-B3E6-50D00B011A9A} = {2C33582F-4EBF-4BE3-80A4-C7ABAABC2A3E}
	EndGlobalSection
	GlobalSection(ProjectConfigurationPlatforms) = postSolution
		{7B4D2880-3B1C-44F3-8149-F870A36CFB4D}.Debug|Any CPU.ActiveCfg = Debug|Any CPU
		{7B4D2880-3B1C-44F3-8149-F870A36CFB4D}.Debug|Any CPU.Build.0 = Debug|Any CPU
		{7B4D2880-3B1C-44F3-8149-F870A36CFB4D}.Release|Any CPU.ActiveCfg = Release|Any CPU
		{7B4D2880-3B1C-44F3-8149-F870A36CFB4D}.Release|Any CPU.Build.0 = Release|Any CPU
		{0DEB43EB-2EE5-4FA4-8D28-5233D73DE28E}.Debug|Any CPU.ActiveCfg = Debug|Any CPU
		{0DEB43EB-2EE5-4FA4-8D28-5233D73DE28E}.Debug|Any CPU.Build.0 = Debug|Any CPU
		{0DEB43EB-2EE5-4FA4-8D28-5233D73DE28E}.Release|Any CPU.ActiveCfg = Release|Any CPU
		{0DEB43EB-2EE5-4FA4-8D28-5233D73DE28E}.Release|Any CPU.Build.0 = Release|Any CPU
		{EAD538B9-EDF1-4F6A-AA4E-23179B6785CD}.Debug|Any CPU.ActiveCfg = Debug|Any CPU
		{EAD538B9-EDF1-4F6A-AA4E-23179B6785CD}.Debug|Any CPU.Build.0 = Debug|Any CPU
		{EAD538B9-EDF1-4F6A-AA4E-23179B6785CD}.Release|Any CPU.ActiveCfg = Release|Any CPU
		{EAD538B9-EDF1-4F6A-AA4E-23179B6785CD}.Release|Any CPU.Build.0 = Release|Any CPU
		{CC967259-F166-4675-8A79-9443F1C4008D}.Debug|Any CPU.ActiveCfg = Debug|Any CPU
		{CC967259-F166-4675-8A79-9443F1C4008D}.Debug|Any CPU.Build.0 = Debug|Any CPU
		{CC967259-F166-4675-8A79-9443F1C4008D}.Release|Any CPU.ActiveCfg = Release|Any CPU
		{CC967259-F166-4675-8A79-9443F1C4008D}.Release|Any CPU.Build.0 = Release|Any CPU
		{C222CA08-1C55-4A8A-B6D9-F0738CED96C7}.Debug|Any CPU.ActiveCfg = Debug|Any CPU
		{C222CA08-1C55-4A8A-B6D9-F0738CED96C7}.Debug|Any CPU.Build.0 = Debug|Any CPU
		{C222CA08-1C55-4A8A-B6D9-F0738CED96C7}.Release|Any CPU.ActiveCfg = Release|Any CPU
		{C222CA08-1C55-4A8A-B6D9-F0738CED96C7}.Release|Any CPU.Build.0 = Release|Any CPU
		{DDBCD209-961B-4C51-9127-4EACB9C9B4F4}.Debug|Any CPU.ActiveCfg = Debug|Any CPU
		{DDBCD209-961B-4C51-9127-4EACB9C9B4F4}.Debug|Any CPU.Build.0 = Debug|Any CPU
		{DDBCD209-961B-4C51-9127-4EACB9C9B4F4}.Release|Any CPU.ActiveCfg = Release|Any CPU
		{DDBCD209-961B-4C51-9127-4EACB9C9B4F4}.Release|Any CPU.Build.0 = Release|Any CPU
		{74E0D4E5-F3BF-4AEC-9561-AACFD4D75057}.Debug|Any CPU.ActiveCfg = Debug|Any CPU
		{74E0D4E5-F3BF-4AEC-9561-AACFD4D75057}.Debug|Any CPU.Build.0 = Debug|Any CPU
		{74E0D4E5-F3BF-4AEC-9561-AACFD4D75057}.Release|Any CPU.ActiveCfg = Release|Any CPU
		{74E0D4E5-F3BF-4AEC-9561-AACFD4D75057}.Release|Any CPU.Build.0 = Release|Any CPU
		{61CFFEFF-C250-4E0F-A599-30619B1DA6D3}.Debug|Any CPU.ActiveCfg = Debug|Any CPU
		{61CFFEFF-C250-4E0F-A599-30619B1DA6D3}.Debug|Any CPU.Build.0 = Debug|Any CPU
		{61CFFEFF-C250-4E0F-A599-30619B1DA6D3}.Release|Any CPU.ActiveCfg = Release|Any CPU
		{61CFFEFF-C250-4E0F-A599-30619B1DA6D3}.Release|Any CPU.Build.0 = Release|Any CPU
		{F80EEDF5-D37E-435B-B220-4CA137E9FC64}.Debug|Any CPU.ActiveCfg = Debug|Any CPU
		{F80EEDF5-D37E-435B-B220-4CA137E9FC64}.Debug|Any CPU.Build.0 = Debug|Any CPU
		{F80EEDF5-D37E-435B-B220-4CA137E9FC64}.Release|Any CPU.ActiveCfg = Release|Any CPU
		{F80EEDF5-D37E-435B-B220-4CA137E9FC64}.Release|Any CPU.Build.0 = Release|Any CPU
		{A86716B6-4058-4C9E-99E2-1777B95EC8A0}.Debug|Any CPU.ActiveCfg = Debug|Any CPU
		{A86716B6-4058-4C9E-99E2-1777B95EC8A0}.Debug|Any CPU.Build.0 = Debug|Any CPU
		{A86716B6-4058-4C9E-99E2-1777B95EC8A0}.Release|Any CPU.ActiveCfg = Release|Any CPU
		{A86716B6-4058-4C9E-99E2-1777B95EC8A0}.Release|Any CPU.Build.0 = Release|Any CPU
		{87730B53-D621-49F4-A931-4175A4FCFFD7}.Debug|Any CPU.ActiveCfg = Debug|Any CPU
		{87730B53-D621-49F4-A931-4175A4FCFFD7}.Debug|Any CPU.Build.0 = Debug|Any CPU
		{87730B53-D621-49F4-A931-4175A4FCFFD7}.Release|Any CPU.ActiveCfg = Release|Any CPU
		{87730B53-D621-49F4-A931-4175A4FCFFD7}.Release|Any CPU.Build.0 = Release|Any CPU
		{368FA007-D5A5-42DB-A7A0-9E54A850EE97}.Debug|Any CPU.ActiveCfg = Debug|Any CPU
		{368FA007-D5A5-42DB-A7A0-9E54A850EE97}.Debug|Any CPU.Build.0 = Debug|Any CPU
		{368FA007-D5A5-42DB-A7A0-9E54A850EE97}.Release|Any CPU.ActiveCfg = Release|Any CPU
		{368FA007-D5A5-42DB-A7A0-9E54A850EE97}.Release|Any CPU.Build.0 = Release|Any CPU
		{5C27E604-8F34-47CA-A184-54883804B7DF}.Debug|Any CPU.ActiveCfg = Debug|Any CPU
		{5C27E604-8F34-47CA-A184-54883804B7DF}.Debug|Any CPU.Build.0 = Debug|Any CPU
		{5C27E604-8F34-47CA-A184-54883804B7DF}.Release|Any CPU.ActiveCfg = Release|Any CPU
		{5C27E604-8F34-47CA-A184-54883804B7DF}.Release|Any CPU.Build.0 = Release|Any CPU
		{1889A07D-4D90-41A6-94B0-1C6A95239F99}.Debug|Any CPU.ActiveCfg = Debug|Any CPU
		{1889A07D-4D90-41A6-94B0-1C6A95239F99}.Debug|Any CPU.Build.0 = Debug|Any CPU
		{1889A07D-4D90-41A6-94B0-1C6A95239F99}.Release|Any CPU.ActiveCfg = Release|Any CPU
		{1889A07D-4D90-41A6-94B0-1C6A95239F99}.Release|Any CPU.Build.0 = Release|Any CPU
		{7EEB10D8-F06A-4700-B3E6-50D00B011A9A}.Debug|Any CPU.ActiveCfg = Debug|Any CPU
		{7EEB10D8-F06A-4700-B3E6-50D00B011A9A}.Debug|Any CPU.Build.0 = Debug|Any CPU
		{7EEB10D8-F06A-4700-B3E6-50D00B011A9A}.Release|Any CPU.ActiveCfg = Release|Any CPU
		{7EEB10D8-F06A-4700-B3E6-50D00B011A9A}.Release|Any CPU.Build.0 = Release|Any CPU
	EndGlobalSection
EndGlobal
